hash: 77d52d040f5a485b28415b74150eb0ee8ef241b18f2c02edae202707b250130e
updated: 2017-06-11T14:53:14.530935338-05:00
imports:
- name: github.com/cloudflare/cloudflare-go
  version: 9d186a5948cb4bb3d1f3343bc6bcae91e7aa6479
- name: github.com/mailgun/holster
  version: 100788a4ec5658a188301b72cbe340c6021229cc
  subpackages:
  - errors
  - stack
- name: github.com/mattn/go-colorable
  version: ded68f7a9561c023e790de24279db7ebf473ea80
- name: github.com/mattn/go-isatty
  version: fc9e8d8ef48496124e79ae0df75490096eccf6fe
- name: github.com/mgutz/ansi
  version: 9520e82c474b0a04dd04f8a40959027271bab992
- name: github.com/pkg/errors
  version: c605e284fe17294bda444b34710735b29d1a9d90
- name: github.com/Sirupsen/logrus
  version: 202f25545ea4cf9b191ff7f846df5d87c9382c2b
- name: golang.org/x/sys
  version: e48874b42435b4347fc52bdee0424a52abc974d7
  subpackages:
  - unix
- name: gopkg.in/urfave/cli.v1
  version: 0bdeddeeb0f650497d603c4ad7b20cfe685682f6
testImports: []
